
Microsoft Visual Studio Solution File, Format Version 12.00
# Visual Studio Version 17
VisualStudioVersion = 17.4.33122.133
MinimumVisualStudioVersion = 10.0.40219.1
Project("{FAE04EC0-301F-11D3-BF4B-00C04F79EFBC}") = "API_Lab01", "API_Lab01\API_Lab01.csproj", "{C5A75189-E0E2-4EC6-BAE1-2B3453A7FAD7}"
EndProject
Global
	GlobalSection(SolutionConfigurationPlatforms) = preSolution
		Debug|Any CPU = Debug|Any CPU
		Release|Any CPU = Release|Any CPU
	EndGlobalSection
	GlobalSection(ProjectConfigurationPlatforms) = postSolution
		{C5A75189-E0E2-4EC6-BAE1-2B3453A7FAD7}.Debug|Any CPU.ActiveCfg = Debug|Any CPU
		{C5A75189-E0E2-4EC6-BAE1-2B3453A7FAD7}.Debug|Any CPU.Build.0 = Debug|Any CPU
		{C5A75189-E0E2-4EC6-BAE1-2B3453A7FAD7}.Release|Any CPU.ActiveCfg = Release|Any CPU
		{C5A75189-E0E2-4EC6-BAE1-2B3453A7FAD7}.Release|Any CPU.Build.0 = Release|Any CPU
	EndGlobalSection
	GlobalSection(SolutionProperties) = preSolution
		HideSolutionNode = FALSE
	EndGlobalSection
	GlobalSection(ExtensibilityGlobals) = postSolution
		SolutionGuid = {C7482131-B222-4209-ACFF-8803D71CCD99}
	EndGlobalSection
EndGlobal
